{
	"name": "zd-highlight-vue",
	"version": "1.0.12",
	"lockfileVersion": 1,
	"requires": true,
	"dependencies": {
		"vue-prism-editor": {
			"version": "1.2.2",
			"resolved": "https://registry.npmjs.org/vue-prism-editor/-/vue-prism-editor-1.2.2.tgz",
			"integrity": "sha512-Lq2VgVygTx3Whn/tC8gD4m1ajA4lzSyCTqPLZA1Dq/ErbBaZA93FWRblwCoDR7AD2nXhGWuiTzb5ih3guzB7DA=="
		}
	}
}
