{
	"name": "zd-highlight-common",
	"version": "1.0.12",
	"lockfileVersion": 1,
	"requires": true,
	"dependencies": {
		"prismjs": {
			"version": "1.24.1",
			"resolved": "https://registry.npmjs.org/prismjs/-/prismjs-1.24.1.tgz",
			"integrity": "sha512-mNPsedLuk90RVJioIky8ANZEwYm5w9LcvCXrxHlwf4fNVSn8jEipMybMkWUyyF0JhnC+C4VcOVSBuHRKs1L5Ow=="
		}
	}
}
